lockfileVersion: 5.3

specifiers:
  '@types/node': ^14.14.36
  date-fns: ^2.19.0
  discord.js: ^13.1.0
  dotenv: ^8.2.0
  ethers: ^5.1.0
  node-fetch: ^2.6.1

dependencies:
  '@types/node': 14.17.17
  date-fns: 2.24.0
  discord.js: 13.1.0
  dotenv: 8.6.0
  ethers: 5.4.7
  node-fetch: 2.6.2

packages:

  /@discordjs/builders/0.5.0:
    resolution: {integrity: sha512-HP5y4Rqw68o61Qv4qM5tVmDbWi4mdTFftqIOGRo33SNPpLJ1Ga3KEIR2ibKofkmsoQhEpLmopD1AZDs3cKpHuw==}
    engines: {node: '>=14.0.0', npm: '>=7.0.0'}
    dependencies:
      '@sindresorhus/is': 4.2.0
      discord-api-types: 0.22.0
      ow: 0.27.0
      ts-mixer: 6.0.0
      tslib: 2.3.1
    dev: false

  /@discordjs/collection/0.2.1:
    resolution: {integrity: sha512-vhxqzzM8gkomw0TYRF3tgx7SwElzUlXT/Aa41O7mOcyN6wIJfj5JmDWaO5XGKsGSsNx7F3i5oIlrucCCWV1Nog==}
    engines: {node: '>=14.0.0'}
    dev: false

  /@discordjs/form-data/3.0.1:
    resolution: {integrity: sha512-ZfFsbgEXW71Rw/6EtBdrP5VxBJy4dthyC0tpQKGKmYFImlmmrykO14Za+BiIVduwjte0jXEBlhSKf0MWbFp9Eg==}
    engines: {node: '>= 6'}
    dependencies:
      asynckit: 0.4.0
      combined-stream: 1.0.8
      mime-types: 2.1.32
    dev: false

  /@ethersproject/abi/5.4.1:
    resolution: {integrity: sha512-9mhbjUk76BiSluiiW4BaYyI58KSbDMMQpCLdsAR+RsT2GyATiNYxVv+pGWRrekmsIdY3I+hOqsYQSTkc8L/mcg==}
    dependencies:
      '@ethersproject/address': 5.4.0
      '@ethersproject/bignumber': 5.4.2
      '@ethersproject/bytes': 5.4.0
      '@ethersproject/constants': 5.4.0
      '@ethersproject/hash': 5.4.0
      '@ethersproject/keccak256': 5.4.0
      '@ethersproject/logger': 5.4.1
      '@ethersproject/properties': 5.4.1
      '@ethersproject/strings': 5.4.0
    dev: false

  /@ethersproject/abstract-provider/5.4.1:
    resolution: {integrity: sha512-3EedfKI3LVpjSKgAxoUaI+gB27frKsxzm+r21w9G60Ugk+3wVLQwhi1LsEJAKNV7WoZc8CIpNrATlL1QFABjtQ==}
    dependencies:
      '@ethersproject/bignumber': 5.4.2
      '@ethersproject/bytes': 5.4.0
      '@ethersproject/logger': 5.4.1
      '@ethersproject/networks': 5.4.2
      '@ethersproject/properties': 5.4.1
      '@ethersproject/transactions': 5.4.0
      '@ethersproject/web': 5.4.0
    dev: false

  /@ethersproject/abstract-signer/5.4.1:
    resolution: {integrity: sha512-SkkFL5HVq1k4/25dM+NWP9MILgohJCgGv5xT5AcRruGz4ILpfHeBtO/y6j+Z3UN/PAjDeb4P7E51Yh8wcGNLGA==}
    dependencies:
      '@ethersproject/abstract-provider': 5.4.1
      '@ethersproject/bignumber': 5.4.2
      '@ethersproject/bytes': 5.4.0
      '@ethersproject/logger': 5.4.1
      '@ethersproject/properties': 5.4.1
    dev: false

  /@ethersproject/address/5.4.0:
    resolution: {integrity: sha512-SD0VgOEkcACEG/C6xavlU1Hy3m5DGSXW3CUHkaaEHbAPPsgi0coP5oNPsxau8eTlZOk/bpa/hKeCNoK5IzVI2Q==}
    dependencies:
      '@ethersproject/bignumber': 5.4.2
      '@ethersproject/bytes': 5.4.0
      '@ethersproject/keccak256': 5.4.0
      '@ethersproject/logger': 5.4.1
      '@ethersproject/rlp': 5.4.0
    dev: false

  /@ethersproject/base64/5.4.0:
    resolution: {integrity: sha512-CjQw6E17QDSSC5jiM9YpF7N1aSCHmYGMt9bWD8PWv6YPMxjsys2/Q8xLrROKI3IWJ7sFfZ8B3flKDTM5wlWuZQ==}
    dependencies:
      '@ethersproject/bytes': 5.4.0
    dev: false

  /@ethersproject/basex/5.4.0:
    resolution: {integrity: sha512-J07+QCVJ7np2bcpxydFVf/CuYo9mZ7T73Pe7KQY4c1lRlrixMeblauMxHXD0MPwFmUHZIILDNViVkykFBZylbg==}
    dependencies:
      '@ethersproject/bytes': 5.4.0
      '@ethersproject/properties': 5.4.1
    dev: false

  /@ethersproject/bignumber/5.4.2:
    resolution: {integrity: sha512-oIBDhsKy5bs7j36JlaTzFgNPaZjiNDOXsdSgSpXRucUl+UA6L/1YLlFeI3cPAoodcenzF4nxNPV13pcy7XbWjA==}
    dependencies:
      '@ethersproject/bytes': 5.4.0
      '@ethersproject/logger': 5.4.1
      bn.js: 4.12.0
    dev: false

  /@ethersproject/bytes/5.4.0:
    resolution: {integrity: sha512-H60ceqgTHbhzOj4uRc/83SCN9d+BSUnOkrr2intevqdtEMO1JFVZ1XL84OEZV+QjV36OaZYxtnt4lGmxcGsPfA==}
    dependencies:
      '@ethersproject/logger': 5.4.1
    dev: false

  /@ethersproject/constants/5.4.0:
    resolution: {integrity: sha512-tzjn6S7sj9+DIIeKTJLjK9WGN2Tj0P++Z8ONEIlZjyoTkBuODN+0VfhAyYksKi43l1Sx9tX2VlFfzjfmr5Wl3Q==}
    dependencies:
      '@ethersproject/bignumber': 5.4.2
    dev: false

  /@ethersproject/contracts/5.4.1:
    resolution: {integrity: sha512-m+z2ZgPy4pyR15Je//dUaymRUZq5MtDajF6GwFbGAVmKz/RF+DNIPwF0k5qEcL3wPGVqUjFg2/krlCRVTU4T5w==}
    dependencies:
      '@ethersproject/abi': 5.4.1
      '@ethersproject/abstract-provider': 5.4.1
      '@ethersproject/abstract-signer': 5.4.1
      '@ethersproject/address': 5.4.0
      '@ethersproject/bignumber': 5.4.2
      '@ethersproject/bytes': 5.4.0
      '@ethersproject/constants': 5.4.0
      '@ethersproject/logger': 5.4.1
      '@ethersproject/properties': 5.4.1
      '@ethersproject/transactions': 5.4.0
    dev: false

  /@ethersproject/hash/5.4.0:
    resolution: {integrity: sha512-xymAM9tmikKgbktOCjW60Z5sdouiIIurkZUr9oW5NOex5uwxrbsYG09kb5bMcNjlVeJD3yPivTNzViIs1GCbqA==}
    dependencies:
      '@ethersproject/abstract-signer': 5.4.1
      '@ethersproject/address': 5.4.0
      '@ethersproject/bignumber': 5.4.2
      '@ethersproject/bytes': 5.4.0
      '@ethersproject/keccak256': 5.4.0
      '@ethersproject/logger': 5.4.1
      '@ethersproject/properties': 5.4.1
      '@ethersproject/strings': 5.4.0
    dev: false

  /@ethersproject/hdnode/5.4.0:
    resolution: {integrity: sha512-pKxdS0KAaeVGfZPp1KOiDLB0jba11tG6OP1u11QnYfb7pXn6IZx0xceqWRr6ygke8+Kw74IpOoSi7/DwANhy8Q==}
    dependencies:
      '@ethersproject/abstract-signer': 5.4.1
      '@ethersproject/basex': 5.4.0
      '@ethersproject/bignumber': 5.4.2
      '@ethersproject/bytes': 5.4.0
      '@ethersproject/logger': 5.4.1
      '@ethersproject/pbkdf2': 5.4.0
      '@ethersproject/properties': 5.4.1
      '@ethersproject/sha2': 5.4.0
      '@ethersproject/signing-key': 5.4.0
      '@ethersproject/strings': 5.4.0
      '@ethersproject/transactions': 5.4.0
      '@ethersproject/wordlists': 5.4.0
    dev: false

  /@ethersproject/json-wallets/5.4.0:
    resolution: {integrity: sha512-igWcu3fx4aiczrzEHwG1xJZo9l1cFfQOWzTqwRw/xcvxTk58q4f9M7cjh51EKphMHvrJtcezJ1gf1q1AUOfEQQ==}
    dependencies:
      '@ethersproject/abstract-signer': 5.4.1
      '@ethersproject/address': 5.4.0
      '@ethersproject/bytes': 5.4.0
      '@ethersproject/hdnode': 5.4.0
      '@ethersproject/keccak256': 5.4.0
      '@ethersproject/logger': 5.4.1
      '@ethersproject/pbkdf2': 5.4.0
      '@ethersproject/properties': 5.4.1
      '@ethersproject/random': 5.4.0
      '@ethersproject/strings': 5.4.0
      '@ethersproject/transactions': 5.4.0
      aes-js: 3.0.0
      scrypt-js: 3.0.1
    dev: false

  /@ethersproject/keccak256/5.4.0:
    resolution: {integrity: sha512-FBI1plWet+dPUvAzPAeHzRKiPpETQzqSUWR1wXJGHVWi4i8bOSrpC3NwpkPjgeXG7MnugVc1B42VbfnQikyC/A==}
    dependencies:
      '@ethersproject/bytes': 5.4.0
      js-sha3: 0.5.7
    dev: false

  /@ethersproject/logger/5.4.1:
    resolution: {integrity: sha512-DZ+bRinnYLPw1yAC64oRl0QyVZj43QeHIhVKfD/+YwSz4wsv1pfwb5SOFjz+r710YEWzU6LrhuSjpSO+6PeE4A==}
    dev: false

  /@ethersproject/networks/5.4.2:
    resolution: {integrity: sha512-eekOhvJyBnuibfJnhtK46b8HimBc5+4gqpvd1/H9LEl7Q7/qhsIhM81dI9Fcnjpk3jB1aTy6bj0hz3cifhNeYw==}
    dependencies:
      '@ethersproject/logger': 5.4.1
    dev: false

  /@ethersproject/pbkdf2/5.4.0:
    resolution: {integrity: sha512-x94aIv6tiA04g6BnazZSLoRXqyusawRyZWlUhKip2jvoLpzJuLb//KtMM6PEovE47pMbW+Qe1uw+68ameJjB7g==}
    dependencies:
      '@ethersproject/bytes': 5.4.0
      '@ethersproject/sha2': 5.4.0
    dev: false

  /@ethersproject/properties/5.4.1:
    resolution: {integrity: sha512-cyCGlF8wWlIZyizsj2PpbJ9I7rIlUAfnHYwy/T90pdkSn/NFTa5YWZx2wTJBe9V7dD65dcrrEMisCRUJiq6n3w==}
    dependencies:
      '@ethersproject/logger': 5.4.1
    dev: false

  /@ethersproject/providers/5.4.5:
    resolution: {integrity: sha512-1GkrvkiAw3Fj28cwi1Sqm8ED1RtERtpdXmRfwIBGmqBSN5MoeRUHuwHPppMtbPayPgpFcvD7/Gdc9doO5fGYgw==}
    dependencies:
      '@ethersproject/abstract-provider': 5.4.1
      '@ethersproject/abstract-signer': 5.4.1
      '@ethersproject/address': 5.4.0
      '@ethersproject/basex': 5.4.0
      '@ethersproject/bignumber': 5.4.2
      '@ethersproject/bytes': 5.4.0
      '@ethersproject/constants': 5.4.0
      '@ethersproject/hash': 5.4.0
      '@ethersproject/logger': 5.4.1
      '@ethersproject/networks': 5.4.2
      '@ethersproject/properties': 5.4.1
      '@ethersproject/random': 5.4.0
      '@ethersproject/rlp': 5.4.0
      '@ethersproject/sha2': 5.4.0
      '@ethersproject/strings': 5.4.0
      '@ethersproject/transactions': 5.4.0
      '@ethersproject/web': 5.4.0
      bech32: 1.1.4
      ws: 7.4.6
    transitivePeerDependencies:
      - bufferutil
      - utf-8-validate
    dev: false

  /@ethersproject/random/5.4.0:
    resolution: {integrity: sha512-pnpWNQlf0VAZDEOVp1rsYQosmv2o0ITS/PecNw+mS2/btF8eYdspkN0vIXrCMtkX09EAh9bdk8GoXmFXM1eAKw==}
    dependencies:
      '@ethersproject/bytes': 5.4.0
      '@ethersproject/logger': 5.4.1
    dev: false

  /@ethersproject/rlp/5.4.0:
    resolution: {integrity: sha512-0I7MZKfi+T5+G8atId9QaQKHRvvasM/kqLyAH4XxBCBchAooH2EX5rL9kYZWwcm3awYV+XC7VF6nLhfeQFKVPg==}
    dependencies:
      '@ethersproject/bytes': 5.4.0
      '@ethersproject/logger': 5.4.1
    dev: false

  /@ethersproject/sha2/5.4.0:
    resolution: {integrity: sha512-siheo36r1WD7Cy+bDdE1BJ8y0bDtqXCOxRMzPa4bV1TGt/eTUUt03BHoJNB6reWJD8A30E/pdJ8WFkq+/uz4Gg==}
    dependencies:
      '@ethersproject/bytes': 5.4.0
      '@ethersproject/logger': 5.4.1
      hash.js: 1.1.7
    dev: false

  /@ethersproject/signing-key/5.4.0:
    resolution: {integrity: sha512-q8POUeywx6AKg2/jX9qBYZIAmKSB4ubGXdQ88l40hmATj29JnG5pp331nAWwwxPn2Qao4JpWHNZsQN+bPiSW9A==}
    dependencies:
      '@ethersproject/bytes': 5.4.0
      '@ethersproject/logger': 5.4.1
      '@ethersproject/properties': 5.4.1
      bn.js: 4.12.0
      elliptic: 6.5.4
      hash.js: 1.1.7
    dev: false

  /@ethersproject/solidity/5.4.0:
    resolution: {integrity: sha512-XFQTZ7wFSHOhHcV1DpcWj7VXECEiSrBuv7JErJvB9Uo+KfCdc3QtUZV+Vjh/AAaYgezUEKbCtE6Khjm44seevQ==}
    dependencies:
      '@ethersproject/bignumber': 5.4.2
      '@ethersproject/bytes': 5.4.0
      '@ethersproject/keccak256': 5.4.0
      '@ethersproject/sha2': 5.4.0
      '@ethersproject/strings': 5.4.0
    dev: false

  /@ethersproject/strings/5.4.0:
    resolution: {integrity: sha512-k/9DkH5UGDhv7aReXLluFG5ExurwtIpUfnDNhQA29w896Dw3i4uDTz01Quaptbks1Uj9kI8wo9tmW73wcIEaWA==}
    dependencies:
      '@ethersproject/bytes': 5.4.0
      '@ethersproject/constants': 5.4.0
      '@ethersproject/logger': 5.4.1
    dev: false

  /@ethersproject/transactions/5.4.0:
    resolution: {integrity: sha512-s3EjZZt7xa4BkLknJZ98QGoIza94rVjaEed0rzZ/jB9WrIuu/1+tjvYCWzVrystXtDswy7TPBeIepyXwSYa4WQ==}
    dependencies:
      '@ethersproject/address': 5.4.0
      '@ethersproject/bignumber': 5.4.2
      '@ethersproject/bytes': 5.4.0
      '@ethersproject/constants': 5.4.0
      '@ethersproject/keccak256': 5.4.0
      '@ethersproject/logger': 5.4.1
      '@ethersproject/properties': 5.4.1
      '@ethersproject/rlp': 5.4.0
      '@ethersproject/signing-key': 5.4.0
    dev: false

  /@ethersproject/units/5.4.0:
    resolution: {integrity: sha512-Z88krX40KCp+JqPCP5oPv5p750g+uU6gopDYRTBGcDvOASh6qhiEYCRatuM/suC4S2XW9Zz90QI35MfSrTIaFg==}
    dependencies:
      '@ethersproject/bignumber': 5.4.2
      '@ethersproject/constants': 5.4.0
      '@ethersproject/logger': 5.4.1
    dev: false

  /@ethersproject/wallet/5.4.0:
    resolution: {integrity: sha512-wU29majLjM6AjCjpat21mPPviG+EpK7wY1+jzKD0fg3ui5fgedf2zEu1RDgpfIMsfn8fJHJuzM4zXZ2+hSHaSQ==}
    dependencies:
      '@ethersproject/abstract-provider': 5.4.1
      '@ethersproject/abstract-signer': 5.4.1
      '@ethersproject/address': 5.4.0
      '@ethersproject/bignumber': 5.4.2
      '@ethersproject/bytes': 5.4.0
      '@ethersproject/hash': 5.4.0
      '@ethersproject/hdnode': 5.4.0
      '@ethersproject/json-wallets': 5.4.0
      '@ethersproject/keccak256': 5.4.0
      '@ethersproject/logger': 5.4.1
      '@ethersproject/properties': 5.4.1
      '@ethersproject/random': 5.4.0
      '@ethersproject/signing-key': 5.4.0
      '@ethersproject/transactions': 5.4.0
      '@ethersproject/wordlists': 5.4.0
    dev: false

  /@ethersproject/web/5.4.0:
    resolution: {integrity: sha512-1bUusGmcoRLYgMn6c1BLk1tOKUIFuTg8j+6N8lYlbMpDesnle+i3pGSagGNvwjaiLo4Y5gBibwctpPRmjrh4Og==}
    dependencies:
      '@ethersproject/base64': 5.4.0
      '@ethersproject/bytes': 5.4.0
      '@ethersproject/logger': 5.4.1
      '@ethersproject/properties': 5.4.1
      '@ethersproject/strings': 5.4.0
    dev: false

  /@ethersproject/wordlists/5.4.0:
    resolution: {integrity: sha512-FemEkf6a+EBKEPxlzeVgUaVSodU7G0Na89jqKjmWMlDB0tomoU8RlEMgUvXyqtrg8N4cwpLh8nyRnm1Nay1isA==}
    dependencies:
      '@ethersproject/bytes': 5.4.0
      '@ethersproject/hash': 5.4.0
      '@ethersproject/logger': 5.4.1
      '@ethersproject/properties': 5.4.1
      '@ethersproject/strings': 5.4.0
    dev: false

  /@sapphire/async-queue/1.1.4:
    resolution: {integrity: sha512-fFrlF/uWpGOX5djw5Mu2Hnnrunao75WGey0sP0J3jnhmrJ5TAPzHYOmytD5iN/+pMxS+f+u/gezqHa9tPhRHEA==}
    engines: {node: '>=14', npm: '>=6'}
    dev: false

  /@sindresorhus/is/4.2.0:
    resolution: {integrity: sha512-VkE3KLBmJwcCaVARtQpfuKcKv8gcBmUubrfHGF84dXuuW6jgsRYxPtzcIhPyK9WAPpRt2/xY6zkD9MnRaJzSyw==}
    engines: {node: '>=10'}
    dev: false

  /@types/node/14.17.17:
    resolution: {integrity: sha512-niAjcewgEYvSPCZm3OaM9y6YQrL2SEPH9PymtE6fuZAvFiP6ereCcvApGl2jKTq7copTIguX3PBvfP08LN4LvQ==}
    dev: false

  /@types/ws/7.4.7:
    resolution: {integrity: sha512-JQbbmxZTZehdc2iszGKs5oC3NFnjeay7mtAWrdt7qNtAVK0g19muApzAy4bm9byz79xa2ZnO/BOBC2R8RC5Lww==}
    dependencies:
      '@types/node': 14.17.17
    dev: false

  /aes-js/3.0.0:
    resolution: {integrity: sha1-4h3xCtbCBTKVvLuNq0Cwnb6ofk0=}
    dev: false

  /asynckit/0.4.0:
    resolution: {integrity: sha1-x57Zf380y48robyXkLzDZkdLS3k=}
    dev: false

  /bech32/1.1.4:
    resolution: {integrity: sha512-s0IrSOzLlbvX7yp4WBfPITzpAU8sqQcpsmwXDiKwrG4r491vwCO/XpejasRNl0piBMe/DvP4Tz0mIS/X1DPJBQ==}
    dev: false

  /bn.js/4.12.0:
    resolution: {integrity: sha512-c98Bf3tPniI+scsdk237ku1Dc3ujXQTSgyiPUDEOe7tRkhrqridvh8klBv0HCEso1OLOYcHuCv/cS6DNxKH+ZA==}
    dev: false

  /brorand/1.1.0:
    resolution: {integrity: sha1-EsJe/kCkXjwyPrhnWgoM5XsiNx8=}
    dev: false

  /callsites/3.1.0:
    resolution: {integrity: sha512-P8BjAsXvZS+VIDUI11hHCQEv74YT67YUi5JJFNWIqL235sBmjX4+qx9Muvls5ivyNENctx46xQLQ3aTuE7ssaQ==}
    engines: {node: '>=6'}
    dev: false

  /combined-stream/1.0.8:
    resolution: {integrity: sha512-FQN4MRfuJeHf7cBbBMJFXhKSDq+2kAArBlmRBvcvFE5BB1HZKXtSFASDhdlz9zOYwxh8lDdnvmMOe/+5cdoEdg==}
    engines: {node: '>= 0.8'}
    dependencies:
      delayed-stream: 1.0.0
    dev: false

  /date-fns/2.24.0:
    resolution: {integrity: sha512-6ujwvwgPID6zbI0o7UbURi2vlLDR9uP26+tW6Lg+Ji3w7dd0i3DOcjcClLjLPranT60SSEFBwdSyYwn/ZkPIuw==}
    engines: {node: '>=0.11'}
    dev: false

  /delayed-stream/1.0.0:
    resolution: {integrity: sha1-3zrhmayt+31ECqrgsp4icrJOxhk=}
    engines: {node: '>=0.4.0'}
    dev: false

  /discord-api-types/0.22.0:
    resolution: {integrity: sha512-l8yD/2zRbZItUQpy7ZxBJwaLX/Bs2TGaCthRppk8Sw24LOIWg12t9JEreezPoYD0SQcC2htNNo27kYEpYW/Srg==}
    engines: {node: '>=12'}
    dev: false

  /discord.js/13.1.0:
    resolution: {integrity: sha512-gxO4CXKdHpqA+WKG+f5RNnd3srTDj5uFJHgOathksDE90YNq/Qijkd2WlMgTTMS6AJoEnHxI7G9eDQHCuZ+xDA==}
    engines: {node: '>=16.6.0', npm: '>=7.0.0'}
    dependencies:
      '@discordjs/builders': 0.5.0
      '@discordjs/collection': 0.2.1
      '@discordjs/form-data': 3.0.1
      '@sapphire/async-queue': 1.1.4
      '@types/ws': 7.4.7
      discord-api-types: 0.22.0
      node-fetch: 2.6.2
      ws: 7.5.5
    transitivePeerDependencies:
      - bufferutil
      - utf-8-validate
    dev: false

  /dot-prop/6.0.1:
    resolution: {integrity: sha512-tE7ztYzXHIeyvc7N+hR3oi7FIbf/NIjVP9hmAt3yMXzrQ072/fpjGLx2GxNxGxUl5V73MEqYzioOMoVhGMJ5cA==}
    engines: {node: '>=10'}
    dependencies:
      is-obj: 2.0.0
    dev: false

  /dotenv/8.6.0:
    resolution: {integrity: sha512-IrPdXQsk2BbzvCBGBOTmmSH5SodmqZNt4ERAZDmW4CT+tL8VtvinqywuANaFu4bOMWki16nqf0e4oC0QIaDr/g==}
    engines: {node: '>=10'}
    dev: false

  /elliptic/6.5.4:
    resolution: {integrity: sha512-iLhC6ULemrljPZb+QutR5TQGB+pdW6KGD5RSegS+8sorOZT+rdQFbsQFJgvN3eRqNALqJer4oQ16YvJHlU8hzQ==}
    dependencies:
      bn.js: 4.12.0
      brorand: 1.1.0
      hash.js: 1.1.7
      hmac-drbg: 1.0.1
      inherits: 2.0.4
      minimalistic-assert: 1.0.1
      minimalistic-crypto-utils: 1.0.1
    dev: false

  /ethers/5.4.7:
    resolution: {integrity: sha512-iZc5p2nqfWK1sj8RabwsPM28cr37Bpq7ehTQ5rWExBr2Y09Sn1lDKZOED26n+TsZMye7Y6mIgQ/1cwpSD8XZew==}
    dependencies:
      '@ethersproject/abi': 5.4.1
      '@ethersproject/abstract-provider': 5.4.1
      '@ethersproject/abstract-signer': 5.4.1
      '@ethersproject/address': 5.4.0
      '@ethersproject/base64': 5.4.0
      '@ethersproject/basex': 5.4.0
      '@ethersproject/bignumber': 5.4.2
      '@ethersproject/bytes': 5.4.0
      '@ethersproject/constants': 5.4.0
      '@ethersproject/contracts': 5.4.1
      '@ethersproject/hash': 5.4.0
      '@ethersproject/hdnode': 5.4.0
      '@ethersproject/json-wallets': 5.4.0
      '@ethersproject/keccak256': 5.4.0
      '@ethersproject/logger': 5.4.1
      '@ethersproject/networks': 5.4.2
      '@ethersproject/pbkdf2': 5.4.0
      '@ethersproject/properties': 5.4.1
      '@ethersproject/providers': 5.4.5
      '@ethersproject/random': 5.4.0
      '@ethersproject/rlp': 5.4.0
      '@ethersproject/sha2': 5.4.0
      '@ethersproject/signing-key': 5.4.0
      '@ethersproject/solidity': 5.4.0
      '@ethersproject/strings': 5.4.0
      '@ethersproject/transactions': 5.4.0
      '@ethersproject/units': 5.4.0
      '@ethersproject/wallet': 5.4.0
      '@ethersproject/web': 5.4.0
      '@ethersproject/wordlists': 5.4.0
    transitivePeerDependencies:
      - bufferutil
      - utf-8-validate
    dev: false

  /hash.js/1.1.7:
    resolution: {integrity: sha512-taOaskGt4z4SOANNseOviYDvjEJinIkRgmp7LbKP2YTTmVxWBl87s/uzK9r+44BclBSp2X7K1hqeNfz9JbBeXA==}
    dependencies:
      inherits: 2.0.4
      minimalistic-assert: 1.0.1
    dev: false

  /hmac-drbg/1.0.1:
    resolution: {integrity: sha1-0nRXAQJabHdabFRXk+1QL8DGSaE=}
    dependencies:
      hash.js: 1.1.7
      minimalistic-assert: 1.0.1
      minimalistic-crypto-utils: 1.0.1
    dev: false

  /inherits/2.0.4:
    resolution: {integrity: sha512-k/vGaX4/Yla3WzyMCvTQOXYeIHvqOKtnqBduzTHpzpQZzAskKMhZ2K+EnBiSM9zGSoIFeMpXKxa4dYeZIQqewQ==}
    dev: false

  /is-obj/2.0.0:
    resolution: {integrity: sha512-drqDG3cbczxxEJRoOXcOjtdp1J/lyp1mNn0xaznRs8+muBhgQcrnbspox5X5fOw0HnMnbfDzvnEMEtqDEJEo8w==}
    engines: {node: '>=8'}
    dev: false

  /js-sha3/0.5.7:
    resolution: {integrity: sha1-DU/9gALVMzqrr0oj7tL2N0yfKOc=}
    dev: false

  /lodash.isequal/4.5.0:
    resolution: {integrity: sha1-QVxEePK8wwEgwizhDtMib30+GOA=}
    dev: false

  /mime-db/1.49.0:
    resolution: {integrity: sha512-CIc8j9URtOVApSFCQIF+VBkX1RwXp/oMMOrqdyXSBXq5RWNEsRfyj1kiRnQgmNXmHxPoFIxOroKA3zcU9P+nAA==}
    engines: {node: '>= 0.6'}
    dev: false

  /mime-types/2.1.32:
    resolution: {integrity: sha512-hJGaVS4G4c9TSMYh2n6SQAGrC4RnfU+daP8G7cSCmaqNjiOoUY0VHCMS42pxnQmVF1GWwFhbHWn3RIxCqTmZ9A==}
    engines: {node: '>= 0.6'}
    dependencies:
      mime-db: 1.49.0
    dev: false

  /minimalistic-assert/1.0.1:
    resolution: {integrity: sha512-UtJcAD4yEaGtjPezWuO9wC4nwUnVH/8/Im3yEHQP4b67cXlD/Qr9hdITCU1xDbSEXg2XKNaP8jsReV7vQd00/A==}
    dev: false

  /minimalistic-crypto-utils/1.0.1:
    resolution: {integrity: sha1-9sAMHAsIIkblxNmd+4x8CDsrWCo=}
    dev: false

  /node-fetch/2.6.2:
    resolution: {integrity: sha512-aLoxToI6RfZ+0NOjmWAgn9+LEd30YCkJKFSyWacNZdEKTit/ZMcKjGkTRo8uWEsnIb/hfKecNPEbln02PdWbcA==}
    engines: {node: 4.x || >=6.0.0}
    dev: false

  /ow/0.27.0:
    resolution: {integrity: sha512-SGnrGUbhn4VaUGdU0EJLMwZWSupPmF46hnTRII7aCLCrqixTAC5eKo8kI4/XXf1eaaI8YEVT+3FeGNJI9himAQ==}
    engines: {node: '>=12'}
    dependencies:
      '@sindresorhus/is': 4.2.0
      callsites: 3.1.0
      dot-prop: 6.0.1
      lodash.isequal: 4.5.0
      type-fest: 1.4.0
      vali-date: 1.0.0
    dev: false

  /scrypt-js/3.0.1:
    resolution: {integrity: sha512-cdwTTnqPu0Hyvf5in5asVdZocVDTNRmR7XEcJuIzMjJeSHybHl7vpB66AzwTaIg6CLSbtjcxc8fqcySfnTkccA==}
    dev: false

  /ts-mixer/6.0.0:
    resolution: {integrity: sha512-nXIb1fvdY5CBSrDIblLn73NW0qRDk5yJ0Sk1qPBF560OdJfQp9jhl+0tzcY09OZ9U+6GpeoI9RjwoIKFIoB9MQ==}
    dev: false

  /tslib/2.3.1:
    resolution: {integrity: sha512-77EbyPPpMz+FRFRuAFlWMtmgUWGe9UOG2Z25NqCwiIjRhOf5iKGuzSe5P2w1laq+FkRy4p+PCuVkJSGkzTEKVw==}
    dev: false

  /type-fest/1.4.0:
    resolution: {integrity: sha512-yGSza74xk0UG8k+pLh5oeoYirvIiWo5t0/o3zHHAO2tRDiZcxWP7fywNlXhqb6/r6sWvwi+RsyQMWhVLe4BVuA==}
    engines: {node: '>=10'}
    dev: false

  /vali-date/1.0.0:
    resolution: {integrity: sha1-G5BKWWCfsyjvB4E4Qgk09rhnCaY=}
    engines: {node: '>=0.10.0'}
    dev: false

  /ws/7.4.6:
    resolution: {integrity: sha512-YmhHDO4MzaDLB+M9ym/mDA5z0naX8j7SIlT8f8z+I0VtzsRbekxEutHSme7NPS2qE8StCYQNUnfWdXta/Yu85A==}
    engines: {node: '>=8.3.0'}
    peerDependencies:
      bufferutil: ^4.0.1
      utf-8-validate: ^5.0.2
    peerDependenciesMeta:
      bufferutil:
        optional: true
      utf-8-validate:
        optional: true
    dev: false

  /ws/7.5.5:
    resolution: {integrity: sha512-BAkMFcAzl8as1G/hArkxOxq3G7pjUqQ3gzYbLL0/5zNkph70e+lCoxBGnm6AW1+/aiNeV4fnKqZ8m4GZewmH2w==}
    engines: {node: '>=8.3.0'}
    peerDependencies:
      bufferutil: ^4.0.1
      utf-8-validate: ^5.0.2
    peerDependenciesMeta:
      bufferutil:
        optional: true
      utf-8-validate:
        optional: true
    dev: false
